
Microsoft Visual Studio Solution File, Format Version 12.00
# Visual Studio Version 16
VisualStudioVersion = 16.0.30717.126
MinimumVisualStudioVersion = 10.0.40219.1
Project("{FAE04EC0-301F-11D3-BF4B-00C04F79EFBC}") = "ImageProcessing", "ImageProcessing\ImageProcessing.csproj", "{0044B4A6-99A4-4FC2-8D53-CC9EC124E335}"
EndProject
Project("{FAE04EC0-301F-11D3-BF4B-00C04F79EFBC}") = "ImageProcessingTest", "ImageProcessingTest\ImageProcessingTest.csproj", "{E52A74EA-A80E-41D2-B569-9E69764C4AC0}"
EndProject
Global
	GlobalSection(SolutionConfigurationPlatforms) = preSolution
		Debug|Any CPU = Debug|Any CPU
		Release|Any CPU = Release|Any CPU
	EndGlobalSection
	GlobalSection(ProjectConfigurationPlatforms) = postSolution
		{0044B4A6-99A4-4FC2-8D53-CC9EC124E335}.Debug|Any CPU.ActiveCfg = Debug|Any CPU
		{0044B4A6-99A4-4FC2-8D53-CC9EC124E335}.Debug|Any CPU.Build.0 = Debug|Any CPU
		{0044B4A6-99A4-4FC2-8D53-CC9EC124E335}.Release|Any CPU.ActiveCfg = Release|Any CPU
		{0044B4A6-99A4-4FC2-8D53-CC9EC124E335}.Release|Any CPU.Build.0 = Release|Any CPU
		{E52A74EA-A80E-41D2-B569-9E69764C4AC0}.Debug|Any CPU.ActiveCfg = Debug|Any CPU
		{E52A74EA-A80E-41D2-B569-9E69764C4AC0}.Debug|Any CPU.Build.0 = Debug|Any CPU
		{E52A74EA-A80E-41D2-B569-9E69764C4AC0}.Release|Any CPU.ActiveCfg = Release|Any CPU
		{E52A74EA-A80E-41D2-B569-9E69764C4AC0}.Release|Any CPU.Build.0 = Release|Any CPU
	EndGlobalSection
	GlobalSection(SolutionProperties) = preSolution
		HideSolutionNode = FALSE
	EndGlobalSection
	GlobalSection(ExtensibilityGlobals) = postSolution
		SolutionGuid = {14B098B3-D62E-4731-B940-A86504E87C02}
	EndGlobalSection
EndGlobal
